// !$*UTF8*$!
{
	archiveVersion = 1;
	classes = {
	};
	objectVersion = 56;
	objects = {

/* Begin PBXBuildFile section */
		2C0449442BB46C0300374DB2 /* ScrollViewsApp.swift in Sources */ = {isa = PBXBuildFile; fileRef = 2C0449432BB46C0300374DB2 /* ScrollViewsApp.swift */; };
		2C0449462BB46C0300374DB2 /* ContentView.swift in Sources */ = {isa = PBXBuildFile; fileRef = 2C0449452BB46C0300374DB2 /* ContentView.swift */; };
		2C0449482BB46C0400374DB2 /* Assets.xcassets in Resources */ = {isa = PBXBuildFile; fileRef = 2C0449472BB46C0400374DB2 /* Assets.xcassets */; };
		2C04494B2BB46C0400374DB2 /* Preview Assets.xcassets in Resources */ = {isa = PBXBuildFile; fileRef = 2C04494A2BB46C0400374DB2 /* Preview Assets.xcassets */; };
		2C0449552BB46C0400374DB2 /* ScrollViewsTests.swift in Sources */ = {isa = PBXBuildFile; fileRef = 2C0449542BB46C0400374DB2 /* ScrollViewsTests.swift */; };
		2C04495F2BB46C0400374DB2 /* ScrollViewsUITests.swift in Sources */ = {isa = PBXBuildFile; fileRef = 2C04495E2BB46C0400374DB2 /* ScrollViewsUITests.swift */; };
		2C0449612BB46C0400374DB2 /* ScrollViewsUITestsLaunchTests.swift in Sources */ = {isa = PBXBuildFile; fileRef = 2C0449602BB46C0400374DB2 /* ScrollViewsUITestsLaunchTests.swift */; };
/* End PBXBuildFile section */

/* Begin PBXContainerItemProxy section */
		2C0449512BB46C0400374DB2 /* PBXContainerItemProxy */ = {
			isa = PBXContainerItemProxy;
			containerPortal = 2C0449382BB46C0300374DB2 /* Project object */;
			proxyType = 1;
			remoteGlobalIDString = 2C04493F2BB46C0300374DB2;
			remoteInfo = ScrollViews;
		};
		2C04495B2BB46C0400374DB2 /* PBXContainerItemProxy */ = {
			isa = PBXContainerItemProxy;
			containerPortal = 2C0449382BB46C0300374DB2 /* Project object */;
			proxyType = 1;
			remoteGlobalIDString = 2C04493F2BB46C0300374DB2;
			remoteInfo = ScrollViews;
		};
/* End PBXContainerItemProxy section */

/* Begin PBXFileReference section */
		2C0449402BB46C0300374DB2 /* ScrollViews.app */ = {isa = PBXFileReference; explicitFileType = wrapper.application; includeInIndex = 0; path = ScrollViews.app; sourceTree = BUILT_PRODUCTS_DIR; };
		2C0449432BB46C0300374DB2 /* ScrollViewsApp.swift */ = {isa = PBXFileReference; lastKnownFileType = sourcecode.swift; path = ScrollViewsApp.swift; sourceTree = "<group>"; };
		2C0449452BB46C0300374DB2 /* ContentView.swift */ = {isa = PBXFileReference; lastKnownFileType = sourcecode.swift; path = ContentView.swift; sourceTree = "<group>"; };
		2C0449472BB46C0400374DB2 /* Assets.xcassets */ = {isa = PBXFileReference; lastKnownFileType = folder.assetcatalog; path = Assets.xcassets; sourceTree = "<group>"; };
		2C04494A2BB46C0400374DB2 /* Preview Assets.xcassets */ = {isa = PBXFileReference; lastKnownFileType = folder.assetcatalog; path = "Preview Assets.xcassets"; sourceTree = "<group>"; };
		2C0449502BB46C0400374DB2 /* ScrollViewsTests.xctest */ = {isa = PBXFileReference; explicitFileType = wrapper.cfbundle; includeInIndex = 0; path = ScrollViewsTests.xctest; sourceTree = BUILT_PRODUCTS_DIR; };
		2C0449542BB46C0400374DB2 /* ScrollViewsTests.swift */ = {isa = PBXFileReference; lastKnownFileType = sourcecode.swift; path = ScrollViewsTests.swift; sourceTree = "<group>"; };
		2C04495A2BB46C0400374DB2 /* ScrollViewsUITests.xctest */ = {isa = PBXFileReference; explicitFileType = wrapper.cfbundle; includeInIndex = 0; path = ScrollViewsUITests.xctest; sourceTree = BUILT_PRODUCTS_DIR; };
		2C04495E2BB46C0400374DB2 /* ScrollViewsUITests.swift */ = {isa = PBXFileReference; lastKnownFileType = sourcecode.swift; path = ScrollViewsUITests.swift; sourceTree = "<group>"; };
		2C0449602BB46C0400374DB2 /* ScrollViewsUITestsLaunchTests.swift */ = {isa = PBXFileReference; lastKnownFileType = sourcecode.swift; path = ScrollViewsUITestsLaunchTests.swift; sourceTree = "<group>"; };
/* End PBXFileReference section */

/* Begin PBXFrameworksBuildPhase section */
		2C04493D2BB46C0300374DB2 /* Frameworks */ = {
			isa = PBXFrameworksBuildPhase;
			buildActionMask = 2147483647;
			files = (
			);
			runOnlyForDeploymentPostprocessing = 0;
		};
		2C04494D2BB46C0400374DB2 /* Frameworks */ = {
			isa = PBXFrameworksBuildPhase;
			buildActionMask = 2147483647;
			files = (
			);
			runOnlyForDeploymentPostprocessing = 0;
		};
		2C0449572BB46C0400374DB2 /* Frameworks */ = {
			isa = PBXFrameworksBuildPhase;
			buildActionMask = 2147483647;
			files = (
			);
			runOnlyForDeploymentPostprocessing = 0;
		};
/* End PBXFrameworksBuildPhase section */

/* Begin PBXGroup section */
		2C0449372BB46C0300374DB2 = {
			isa = PBXGroup;
			children = (
				2C0449422BB46C0300374DB2 /* ScrollViews */,
				2C0449532BB46C0400374DB2 /* ScrollViewsTests */,
				2C04495D2BB46C0400374DB2 /* ScrollViewsUITests */,
				2C0449412BB46C0300374DB2 /* Products */,
			);
			sourceTree = "<group>";
		};
		2C0449412BB46C0300374DB2 /* Products */ = {
			isa = PBXGroup;
			children = (
				2C0449402BB46C0300374DB2 /* ScrollViews.app */,
				2C0449502BB46C0400374DB2 /* ScrollViewsTests.xctest */,
				2C04495A2BB46C0400374DB2 /* ScrollViewsUITests.xctest */,
			);
			name = Products;
			sourceTree = "<group>";
		};
		2C0449422BB46C0300374DB2 /* ScrollViews */ = {
			isa = PBXGroup;
			children = (
				2C0449432BB46C0300374DB2 /* ScrollViewsApp.swift */,
				2C0449452BB46C0300374DB2 /* ContentView.swift */,
				2C0449472BB46C0400374DB2 /* Assets.xcassets */,
				2C0449492BB46C0400374DB2 /* Preview Content */,
			);
			path = ScrollViews;
			sourceTree = "<group>";
		};
		2C0449492BB46C0400374DB2 /* Preview Content */ = {
			isa = PBXGroup;
			children = (
				2C04494A2BB46C0400374DB2 /* Preview Assets.xcassets */,
			);
			path = "Preview Content";
			sourceTree = "<group>";
		};
		2C0449532BB46C0400374DB2 /* ScrollViewsTests */ = {
			isa = PBXGroup;
			children = (
				2C0449542BB46C0400374DB2 /* ScrollViewsTests.swift */,
			);
			path = ScrollViewsTests;
			sourceTree = "<group>";
		};
		2C04495D2BB46C0400374DB2 /* ScrollViewsUITests */ = {
			isa = PBXGroup;
			children = (
				2C04495E2BB46C0400374DB2 /* ScrollViewsUITests.swift */,
				2C0449602BB46C0400374DB2 /* ScrollViewsUITestsLaunchTests.swift */,
			);
			path = ScrollViewsUITests;
			sourceTree = "<group>";
		};
/* End PBXGroup section */

/* Begin PBXNativeTarget section */
		2C04493F2BB46C0300374DB2 /* ScrollViews */ = {
			isa = PBXNativeTarget;
			buildConfigurationList = 2C0449642BB46C0400374DB2 /* Build configuration list for PBXNativeTarget "ScrollViews" */;
			buildPhases = (
				2C04493C2BB46C0300374DB2 /* Sources */,
				2C04493D2BB46C0300374DB2 /* Frameworks */,
				2C04493E2BB46C0300374DB2 /* Resources */,
			);
			buildRules = (
			);
			dependencies = (
			);
			name = ScrollViews;
			productName = ScrollViews;
			productReference = 2C0449402BB46C0300374DB2 /* ScrollViews.app */;
			productType = "com.apple.product-type.application";
		};
		2C04494F2BB46C0400374DB2 /* ScrollViewsTests */ = {
			isa = PBXNativeTarget;
			buildConfigurationList = 2C0449672BB46C0400374DB2 /* Build configuration list for PBXNativeTarget "ScrollViewsTests" */;
			buildPhases = (
				2C04494C2BB46C0400374DB2 /* Sources */,
				2C04494D2BB46C0400374DB2 /* Frameworks */,
				2C04494E2BB46C0400374DB2 /* Resources */,
			);
			buildRules = (
			);
			dependencies = (
				2C0449522BB46C0400374DB2 /* PBXTargetDependency */,
			);
			name = ScrollViewsTests;
			productName = ScrollViewsTests;
			productReference = 2C0449502BB46C0400374DB2 /* ScrollViewsTests.xctest */;
			productType = "com.apple.product-type.bundle.unit-test";
		};
		2C0449592BB46C0400374DB2 /* ScrollViewsUITests */ = {
			isa = PBXNativeTarget;
			buildConfigurationList = 2C04496A2BB46C0400374DB2 /* Build configuration list for PBXNativeTarget "ScrollViewsUITests" */;
			buildPhases = (
				2C0449562BB46C0400374DB2 /* Sources */,
				2C0449572BB46C0400374DB2 /* Frameworks */,
				2C0449582BB46C0400374DB2 /* Resources */,
			);
			buildRules = (
			);
			dependencies = (
				2C04495C2BB46C0400374DB2 /* PBXTargetDependency */,
			);
			name = ScrollViewsUITests;
			productName = ScrollViewsUITests;
			productReference = 2C04495A2BB46C0400374DB2 /* ScrollViewsUITests.xctest */;
			productType = "com.apple.product-type.bundle.ui-testing";
		};
/* End PBXNativeTarget section */

/* Begin PBXProject section */
		2C0449382BB46C0300374DB2 /* Project object */ = {
			isa = PBXProject;
			attributes = {
				BuildIndependentTargetsInParallel = 1;
				LastSwiftUpdateCheck = 1530;
				LastUpgradeCheck = 1530;
				TargetAttributes = {
					2C04493F2BB46C0300374DB2 = {
						CreatedOnToolsVersion = 15.3;
					};
					2C04494F2BB46C0400374DB2 = {
						CreatedOnToolsVersion = 15.3;
						TestTargetID = 2C04493F2BB46C0300374DB2;
					};
					2C0449592BB46C0400374DB2 = {
						CreatedOnToolsVersion = 15.3;
						TestTargetID = 2C04493F2BB46C0300374DB2;
					};
				};
			};
			buildConfigurationList = 2C04493B2BB46C0300374DB2 /* Build configuration list for PBXProject "ScrollViews" */;
			compatibilityVersion = "Xcode 14.0";
			developmentRegion = en;
			hasScannedForEncodings = 0;
			knownRegions = (
				en,
				Base,
			);
			mainGroup = 2C0449372BB46C0300374DB2;
			productRefGroup = 2C0449412BB46C0300374DB2 /* Products */;
			projectDirPath = "";
			projectRoot = "";
			targets = (
				2C04493F2BB46C0300374DB2 /* ScrollViews */,
				2C04494F2BB46C0400374DB2 /* ScrollViewsTests */,
				2C0449592BB46C0400374DB2 /* ScrollViewsUITests */,
			);
		};
/* End PBXProject section */

/* Begin PBXResourcesBuildPhase section */
		2C04493E2BB46C0300374DB2 /* Resources */ = {
			isa = PBXResourcesBuildPhase;
			buildActionMask = 2147483647;
			files = (
				2C04494B2BB46C0400374DB2 /* Preview Assets.xcassets in Resources */,
				2C0449482BB46C0400374DB2 /* Assets.xcassets in Resources */,
			);
			runOnlyForDeploymentPostprocessing = 0;
		};
		2C04494E2BB46C0400374DB2 /* Resources */ = {
			isa = PBXResourcesBuildPhase;
			buildActionMask = 2147483647;
			files = (
			);
			runOnlyForDeploymentPostprocessing = 0;
		};
		2C0449582BB46C0400374DB2 /* Resources */ = {
			isa = PBXResourcesBuildPhase;
			buildActionMask = 2147483647;
			files = (
			);
			runOnlyForDeploymentPostprocessing = 0;
		};
/* End PBXResourcesBuildPhase section */

/* Begin PBXSourcesBuildPhase section */
		2C04493C2BB46C0300374DB2 /* Sources */ = {
			isa = PBXSourcesBuildPhase;
			buildActionMask = 2147483647;
			files = (
				2C0449462BB46C0300374DB2 /* ContentView.swift in Sources */,
				2C0449442BB46C0300374DB2 /* ScrollViewsApp.swift in Sources */,
			);
			runOnlyForDeploymentPostprocessing = 0;
		};
		2C04494C2BB46C0400374DB2 /* Sources */ = {
			isa = PBXSourcesBuildPhase;
			buildActionMask = 2147483647;
			files = (
				2C0449552BB46C0400374DB2 /* ScrollViewsTests.swift in Sources */,
			);
			runOnlyForDeploymentPostprocessing = 0;
		};
		2C0449562BB46C0400374DB2 /* Sources */ = {
			isa = PBXSourcesBuildPhase;
			buildActionMask = 2147483647;
			files = (
				2C0449612BB46C0400374DB2 /* ScrollViewsUITestsLaunchTests.swift in Sources */,
				2C04495F2BB46C0400374DB2 /* ScrollViewsUITests.swift in Sources */,
			);
			runOnlyForDeploymentPostprocessing = 0;
		};
/* End PBXSourcesBuildPhase section */

/* Begin PBXTargetDependency section */
		2C0449522BB46C0400374DB2 /* PBXTargetDependency */ = {
			isa = PBXTargetDependency;
			target = 2C04493F2BB46C0300374DB2 /* ScrollViews */;
			targetProxy = 2C0449512BB46C0400374DB2 /* PBXContainerItemProxy */;
		};
		2C04495C2BB46C0400374DB2 /* PBXTargetDependency */ = {
			isa = PBXTargetDependency;
			target = 2C04493F2BB46C0300374DB2 /* ScrollViews */;
			targetProxy = 2C04495B2BB46C0400374DB2 /* PBXContainerItemProxy */;
		};
/* End PBXTargetDependency section */

/* Begin XCBuildConfiguration section */
		2C0449622BB46C0400374DB2 /* Debug */ = {
			isa = XCBuildConfiguration;
			buildSettings = {
				ALWAYS_SEARCH_USER_PATHS = NO;
				ASSETCATALOG_COMPILER_GENERATE_SWIFT_ASSET_SYMBOL_EXTENSIONS = YES;
				CLANG_ANALYZER_NONNULL = YES;
				CLANG_ANALYZER_NUMBER_OBJECT_CONVERSION = YES_AGGRESSIVE;
				CLANG_CXX_LANGUAGE_STANDARD = "gnu++20";
				CLANG_ENABLE_MODULES = YES;
				CLANG_ENABLE_OBJC_ARC = YES;
				CLANG_ENABLE_OBJC_WEAK = YES;
				CLANG_WARN_BLOCK_CAPTURE_AUTORELEASING = YES;
				CLANG_WARN_BOOL_CONVERSION = YES;
				CLANG_WARN_COMMA = YES;
				CLANG_WARN_CONSTANT_CONVERSION = YES;
				CLANG_WARN_DEPRECATED_OBJC_IMPLEMENTATIONS = YES;
				CLANG_WARN_DIRECT_OBJC_ISA_USAGE = YES_ERROR;
				CLANG_WARN_DOCUMENTATION_COMMENTS = YES;
				CLANG_WARN_EMPTY_BODY = YES;
				CLANG_WARN_ENUM_CONVERSION = YES;
				CLANG_WARN_INFINITE_RECURSION = YES;
				CLANG_WARN_INT_CONVERSION = YES;
				CLANG_WARN_NON_LITERAL_NULL_CONVERSION = YES;
				CLANG_WARN_OBJC_IMPLICIT_RETAIN_SELF = YES;
				CLANG_WARN_OBJC_LITERAL_CONVERSION = YES;
				CLANG_WARN_OBJC_ROOT_CLASS = YES_ERROR;
				CLANG_WARN_QUOTED_INCLUDE_IN_FRAMEWORK_HEADER = YES;
				CLANG_WARN_RANGE_LOOP_ANALYSIS = YES;
				CLANG_WARN_STRICT_PROTOTYPES = YES;
				CLANG_WARN_SUSPICIOUS_MOVE = YES;
				CLANG_WARN_UNGUARDED_AVAILABILITY = YES_AGGRESSIVE;
				CLANG_WARN_UNREACHABLE_CODE = YES;
				CLANG_WARN__DUPLICATE_METHOD_MATCH = YES;
				COPY_PHASE_STRIP = NO;
				DEBUG_INFORMATION_FORMAT = dwarf;
				ENABLE_STRICT_OBJC_MSGSEND = YES;
				ENABLE_TESTABILITY = YES;
				ENABLE_USER_SCRIPT_SANDBOXING = YES;
				GCC_C_LANGUAGE_STANDARD = gnu17;
				GCC_DYNAMIC_NO_PIC = NO;
				GCC_NO_COMMON_BLOCKS = YES;
				GCC_OPTIMIZATION_LEVEL = 0;
				GCC_PREPROCESSOR_DEFINITIONS = (
					"DEBUG=1",
					"$(inherited)",
				);
				GCC_WARN_64_TO_32_BIT_CONVERSION = YES;
				GCC_WARN_ABOUT_RETURN_TYPE = YES_ERROR;
				GCC_WARN_UNDECLARED_SELECTOR = YES;
				GCC_WARN_UNINITIALIZED_AUTOS = YES_AGGRESSIVE;
				GCC_WARN_UNUSED_FUNCTION = YES;
				GCC_WARN_UNUSED_VARIABLE = YES;
				IPHONEOS_DEPLOYMENT_TARGET = 17.4;
				LOCALIZATION_PREFERS_STRING_CATALOGS = YES;
				MTL_ENABLE_DEBUG_INFO = INCLUDE_SOURCE;
				MTL_FAST_MATH = YES;
				ONLY_ACTIVE_ARCH = YES;
				SDKROOT = iphoneos;
				SWIFT_ACTIVE_COMPILATION_CONDITIONS = "DEBUG $(inherited)";
				SWIFT_OPTIMIZATION_LEVEL = "-Onone";
			};
			name = Debug;
		};
		2C0449632BB46C0400374DB2 /* Release */ = {
			isa = XCBuildConfiguration;
			buildSettings = {
				ALWAYS_SEARCH_USER_PATHS = NO;
				ASSETCATALOG_COMPILER_GENERATE_SWIFT_ASSET_SYMBOL_EXTENSIONS = YES;
				CLANG_ANALYZER_NONNULL = YES;
				CLANG_ANALYZER_NUMBER_OBJECT_CONVERSION = YES_AGGRESSIVE;
				CLANG_CXX_LANGUAGE_STANDARD = "gnu++20";
				CLANG_ENABLE_MODULES = YES;
				CLANG_ENABLE_OBJC_ARC = YES;
				CLANG_ENABLE_OBJC_WEAK = YES;
				CLANG_WARN_BLOCK_CAPTURE_AUTORELEASING = YES;
				CLANG_WARN_BOOL_CONVERSION = YES;
				CLANG_WARN_COMMA = YES;
				CLANG_WARN_CONSTANT_CONVERSION = YES;
				CLANG_WARN_DEPRECATED_OBJC_IMPLEMENTATIONS = YES;
				CLANG_WARN_DIRECT_OBJC_ISA_USAGE = YES_ERROR;
				CLANG_WARN_DOCUMENTATION_COMMENTS = YES;
				CLANG_WARN_EMPTY_BODY = YES;
				CLANG_WARN_ENUM_CONVERSION = YES;
				CLANG_WARN_INFINITE_RECURSION = YES;
				CLANG_WARN_INT_CONVERSION = YES;
				CLANG_WARN_NON_LITERAL_NULL_CONVERSION = YES;
				CLANG_WARN_OBJC_IMPLICIT_RETAIN_SELF = YES;
				CLANG_WARN_OBJC_LITERAL_CONVERSION = YES;
				CLANG_WARN_OBJC_ROOT_CLASS = YES_ERROR;
				CLANG_WARN_QUOTED_INCLUDE_IN_FRAMEWORK_HEADER = YES;
				CLANG_WARN_RANGE_LOOP_ANALYSIS = YES;
				CLANG_WARN_STRICT_PROTOTYPES = YES;
				CLANG_WARN_SUSPICIOUS_MOVE = YES;
				CLANG_WARN_UNGUARDED_AVAILABILITY = YES_AGGRESSIVE;
				CLANG_WARN_UNREACHABLE_CODE = YES;
				CLANG_WARN__DUPLICATE_METHOD_MATCH = YES;
				COPY_PHASE_STRIP = NO;
				DEBUG_INFORMATION_FORMAT = "dwarf-with-dsym";
				ENABLE_NS_ASSERTIONS = NO;
				ENABLE_STRICT_OBJC_MSGSEND = YES;
				ENABLE_USER_SCRIPT_SANDBOXING = YES;
				GCC_C_LANGUAGE_STANDARD = gnu17;
				GCC_NO_COMMON_BLOCKS = YES;
				GCC_WARN_64_TO_32_BIT_CONVERSION = YES;
				GCC_WARN_ABOUT_RETURN_TYPE = YES_ERROR;
				GCC_WARN_UNDECLARED_SELECTOR = YES;
				GCC_WARN_UNINITIALIZED_AUTOS = YES_AGGRESSIVE;
				GCC_WARN_UNUSED_FUNCTION = YES;
				GCC_WARN_UNUSED_VARIABLE = YES;
				IPHONEOS_DEPLOYMENT_TARGET = 17.4;
				LOCALIZATION_PREFERS_STRING_CATALOGS = YES;
				MTL_ENABLE_DEBUG_INFO = NO;
				MTL_FAST_MATH = YES;
				SDKROOT = iphoneos;
				SWIFT_COMPILATION_MODE = wholemodule;
				VALIDATE_PRODUCT = YES;
			};
			name = Release;
		};
		2C0449652BB46C0400374DB2 /* Debug */ = {
			isa = XCBuildConfiguration;
			buildSettings = {
				ASSETCATALOG_COMPILER_APPICON_NAME = AppIcon;
				ASSETCATALOG_COMPILER_GLOBAL_ACCENT_COLOR_NAME = AccentColor;
				CODE_SIGN_STYLE = Automatic;
				CURRENT_PROJECT_VERSION = 1;
				DEVELOPMENT_ASSET_PATHS = "\"ScrollViews/Preview Content\"";
				ENABLE_PREVIEWS = YES;
				GENERATE_INFOPLIST_FILE = YES;
				INFOPLIST_KEY_UIApplicationSceneManifest_Generation = YES;
				INFOPLIST_KEY_UIApplicationSupportsIndirectInputEvents = YES;
				INFOPLIST_KEY_UILaunchScreen_Generation = YES;
				INFOPLIST_KEY_UISupportedInterfaceOrientations_iPad = "UIInterfaceOrientationPortrait UIInterfaceOrientationPortraitUpsideDown UIInterfaceOrientationLandscapeLeft UIInterfaceOrientationLandscapeRight";
				INFOPLIST_KEY_UISupportedInterfaceOrientations_iPhone = "UIInterfaceOrientationPortrait UIInterfaceOrientationLandscapeLeft UIInterfaceOrientationLandscapeRight";
				LD_RUNPATH_SEARCH_PATHS = (
					"$(inherited)",
					"@executable_path/Frameworks",
				);
				MARKETING_VERSION = 1.0;
				PRODUCT_BUNDLE_IDENTIFIER = com.db.ScrollViews;
				PRODUCT_NAME = "$(TARGET_NAME)";
				SWIFT_EMIT_LOC_STRINGS = YES;
				SWIFT_VERSION = 5.0;
				TARGETED_DEVICE_FAMILY = "1,2";
			};
			name = Debug;
		};
		2C0449662BB46C0400374DB2 /* Release */ = {
			isa = XCBuildConfiguration;
			buildSettings = {
				ASSETCATALOG_COMPILER_APPICON_NAME = AppIcon;
				ASSETCATALOG_COMPILER_GLOBAL_ACCENT_COLOR_NAME = AccentColor;
				CODE_SIGN_STYLE = Automatic;
				CURRENT_PROJECT_VERSION = 1;
				DEVELOPMENT_ASSET_PATHS = "\"ScrollViews/Preview Content\"";
				ENABLE_PREVIEWS = YES;
				GENERATE_INFOPLIST_FILE = YES;
				INFOPLIST_KEY_UIApplicationSceneManifest_Generation = YES;
				INFOPLIST_KEY_UIApplicationSupportsIndirectInputEvents = YES;
				INFOPLIST_KEY_UILaunchScreen_Generation = YES;
				INFOPLIST_KEY_UISupportedInterfaceOrientations_iPad = "UIInterfaceOrientationPortrait UIInterfaceOrientationPortraitUpsideDown UIInterfaceOrientationLandscapeLeft UIInterfaceOrientationLandscapeRight";
				INFOPLIST_KEY_UISupportedInterfaceOrientations_iPhone = "UIInterfaceOrientationPortrait UIInterfaceOrientationLandscapeLeft UIInterfaceOrientationLandscapeRight";
				LD_RUNPATH_SEARCH_PATHS = (
					"$(inherited)",
					"@executable_path/Frameworks",
				);
				MARKETING_VERSION = 1.0;
				PRODUCT_BUNDLE_IDENTIFIER = com.db.ScrollViews;
				PRODUCT_NAME = "$(TARGET_NAME)";
				SWIFT_EMIT_LOC_STRINGS = YES;
				SWIFT_VERSION = 5.0;
				TARGETED_DEVICE_FAMILY = "1,2";
			};
			name = Release;
		};
		2C0449682BB46C0400374DB2 /* Debug */ = {
			isa = XCBuildConfiguration;
			buildSettings = {
				ALWAYS_EMBED_SWIFT_STANDARD_LIBRARIES = YES;
				BUNDLE_LOADER = "$(TEST_HOST)";
				CODE_SIGN_STYLE = Automatic;
				CURRENT_PROJECT_VERSION = 1;
				GENERATE_INFOPLIST_FILE = YES;
				IPHONEOS_DEPLOYMENT_TARGET = 17.4;
				MARKETING_VERSION = 1.0;
				PRODUCT_BUNDLE_IDENTIFIER = com.db.ScrollViewsTests;
				PRODUCT_NAME = "$(TARGET_NAME)";
				SWIFT_EMIT_LOC_STRINGS = NO;
				SWIFT_VERSION = 5.0;
				TARGETED_DEVICE_FAMILY = "1,2";
				TEST_HOST = "$(BUILT_PRODUCTS_DIR)/ScrollViews.app/$(BUNDLE_EXECUTABLE_FOLDER_PATH)/ScrollViews";
			};
			name = Debug;
		};
		2C0449692BB46C0400374DB2 /* Release */ = {
			isa = XCBuildConfiguration;
			buildSettings = {
				ALWAYS_EMBED_SWIFT_STANDARD_LIBRARIES = YES;
				BUNDLE_LOADER = "$(TEST_HOST)";
				CODE_SIGN_STYLE = Automatic;
				CURRENT_PROJECT_VERSION = 1;
				GENERATE_INFOPLIST_FILE = YES;
				IPHONEOS_DEPLOYMENT_TARGET = 17.4;
				MARKETING_VERSION = 1.0;
				PRODUCT_BUNDLE_IDENTIFIER = com.db.ScrollViewsTests;
				PRODUCT_NAME = "$(TARGET_NAME)";
				SWIFT_EMIT_LOC_STRINGS = NO;
				SWIFT_VERSION = 5.0;
				TARGETED_DEVICE_FAMILY = "1,2";
				TEST_HOST = "$(BUILT_PRODUCTS_DIR)/ScrollViews.app/$(BUNDLE_EXECUTABLE_FOLDER_PATH)/ScrollViews";
			};
			name = Release;
		};
		2C04496B2BB46C0400374DB2 /* Debug */ = {
			isa = XCBuildConfiguration;
			buildSettings = {
				ALWAYS_EMBED_SWIFT_STANDARD_LIBRARIES = YES;
				CODE_SIGN_STYLE = Automatic;
				CURRENT_PROJECT_VERSION = 1;
				GENERATE_INFOPLIST_FILE = YES;
				MARKETING_VERSION = 1.0;
				PRODUCT_BUNDLE_IDENTIFIER = com.db.ScrollViewsUITests;
				PRODUCT_NAME = "$(TARGET_NAME)";
				SWIFT_EMIT_LOC_STRINGS = NO;
				SWIFT_VERSION = 5.0;
				TARGETED_DEVICE_FAMILY = "1,2";
				TEST_TARGET_NAME = ScrollViews;
			};
			name = Debug;
		};
		2C04496C2BB46C0400374DB2 /* Release */ = {
			isa = XCBuildConfiguration;
			buildSettings = {
				ALWAYS_EMBED_SWIFT_STANDARD_LIBRARIES = YES;
				CODE_SIGN_STYLE = Automatic;
				CURRENT_PROJECT_VERSION = 1;
				GENERATE_INFOPLIST_FILE = YES;
				MARKETING_VERSION = 1.0;
				PRODUCT_BUNDLE_IDENTIFIER = com.db.ScrollViewsUITests;
				PRODUCT_NAME = "$(TARGET_NAME)";
				SWIFT_EMIT_LOC_STRINGS = NO;
				SWIFT_VERSION = 5.0;
				TARGETED_DEVICE_FAMILY = "1,2";
				TEST_TARGET_NAME = ScrollViews;
			};
			name = Release;
		};
/* End XCBuildConfiguration section */

/* Begin XCConfigurationList section */
		2C04493B2BB46C0300374DB2 /* Build configuration list for PBXProject "ScrollViews" */ = {
			isa = XCConfigurationList;
			buildConfigurations = (
				2C0449622BB46C0400374DB2 /* Debug */,
				2C0449632BB46C0400374DB2 /* Release */,
			);
			defaultConfigurationIsVisible = 0;
			defaultConfigurationName = Release;
		};
		2C0449642BB46C0400374DB2 /* Build configuration list for PBXNativeTarget "ScrollViews" */ = {
			isa = XCConfigurationList;
			buildConfigurations = (
				2C0449652BB46C0400374DB2 /* Debug */,
				2C0449662BB46C0400374DB2 /* Release */,
			);
			defaultConfigurationIsVisible = 0;
			defaultConfigurationName = Release;
		};
		2C0449672BB46C0400374DB2 /* Build configuration list for PBXNativeTarget "ScrollViewsTests" */ = {
			isa = XCConfigurationList;
			buildConfigurations = (
				2C0449682BB46C0400374DB2 /* Debug */,
				2C0449692BB46C0400374DB2 /* Release */,
			);
			defaultConfigurationIsVisible = 0;
			defaultConfigurationName = Release;
		};
		2C04496A2BB46C0400374DB2 /* Build configuration list for PBXNativeTarget "ScrollViewsUITests" */ = {
			isa = XCConfigurationList;
			buildConfigurations = (
				2C04496B2BB46C0400374DB2 /* Debug */,
				2C04496C2BB46C0400374DB2 /* Release */,
			);
			defaultConfigurationIsVisible = 0;
			defaultConfigurationName = Release;
		};
/* End XCConfigurationList section */
	};
	rootObject = 2C0449382BB46C0300374DB2 /* Project object */;
}
